
Microsoft Visual Studio Solution File, Format Version 12.00
# Visual Studio 15
VisualStudioVersion = 15.0.28307.757
MinimumVisualStudioVersion = 10.0.40219.1
Project("{FAE04EC0-301F-11D3-BF4B-00C04F79EFBC}") = "MVC_Tutorial", "MVC_Tutorial\MVC_Tutorial.csproj", "{30A98036-1DD3-44BB-B2F7-0649371EBB58}"
EndProject
Global
	GlobalSection(SolutionConfigurationPlatforms) = preSolution
		Debug|Any CPU = Debug|Any CPU
		Release|Any CPU = Release|Any CPU
	EndGlobalSection
	GlobalSection(ProjectConfigurationPlatforms) = postSolution
		{30A98036-1DD3-44BB-B2F7-0649371EBB58}.Debug|Any CPU.ActiveCfg = Debug|Any CPU
		{30A98036-1DD3-44BB-B2F7-0649371EBB58}.Debug|Any CPU.Build.0 = Debug|Any CPU
		{30A98036-1DD3-44BB-B2F7-0649371EBB58}.Release|Any CPU.ActiveCfg = Release|Any CPU
		{30A98036-1DD3-44BB-B2F7-0649371EBB58}.Release|Any CPU.Build.0 = Release|Any CPU
	EndGlobalSection
	GlobalSection(SolutionProperties) = preSolution
		HideSolutionNode = FALSE
	EndGlobalSection
	GlobalSection(ExtensibilityGlobals) = postSolution
		SolutionGuid = {177ED6E2-9A02-4CBD-B64F-A7C3B5D8E236}
	EndGlobalSection
EndGlobal
